{
  "version": 4,
  "terraform_version": "1.8.5",
  "serial": 243,
  "lineage": "0ef333ce-663b-3775-d075-b86df90baaf9",
  "outputs": {
    "firewall-rules": {
      "value": {
        "allow-memorystore-connect": {
          "allow": [
            {
              "ports": [
                "6379"
              ],
              "protocol": "tcp"
            }
          ],
          "creation_timestamp": "2024-08-26T09:50:35.492-07:00",
          "deny": [],
          "description": "",
          "destination_ranges": [],
          "direction": "INGRESS",
          "disabled": false,
          "enable_logging": null,
          "id": "projects/saranshg-test/global/firewalls/allow-memorystore-connect",
          "log_config": [
            {
              "metadata": "INCLUDE_ALL_METADATA"
            }
          ],
          "name": "allow-memorystore-connect",
          "network": "https://www.googleapis.com/compute/v1/projects/saranshg-test/global/networks/host-network-1",
          "priority": 1000,
          "project": "saranshg-test",
          "self_link": "https://www.googleapis.com/compute/v1/projects/saranshg-test/global/firewalls/allow-memorystore-connect",
          "source_ranges": [
            "10.0.0.0/24"
          ],
          "source_service_accounts": null,
          "source_tags": null,
          "target_service_accounts": null,
          "target_tags": null,
          "timeouts": null
        },
        "allow-ssh-ingress-shared": {
          "allow": [
            {
              "ports": [
                "22"
              ],
              "protocol": "tcp"
            }
          ],
          "creation_timestamp": "2024-08-26T09:50:35.494-07:00",
          "deny": [],
          "description": "",
          "destination_ranges": [],
          "direction": "INGRESS",
          "disabled": false,
          "enable_logging": null,
          "id": "projects/saranshg-test/global/firewalls/allow-ssh-ingress-shared",
          "log_config": [
            {
              "metadata": "INCLUDE_ALL_METADATA"
            }
          ],
          "name": "allow-ssh-ingress-shared",
          "network": "https://www.googleapis.com/compute/v1/projects/saranshg-test/global/networks/host-network-1",
          "priority": 1000,
          "project": "saranshg-test",
          "self_link": "https://www.googleapis.com/compute/v1/projects/saranshg-test/global/firewalls/allow-ssh-ingress-shared",
          "source_ranges": [
            "10.88.0.0/16",
            "35.235.240.0/20"
          ],
          "source_service_accounts": null,
          "source_tags": null,
          "target_service_accounts": null,
          "target_tags": null,
          "timeouts": null
        }
      },
      "type": [
        "object",
        {
          "allow-memorystore-connect": [
            "object",
            {
              "allow": [
                "set",
                [
                  "object",
                  {
                    "ports": [
                      "list",
                      "string"
                    ],
                    "protocol": "string"
                  }
                ]
              ],
              "creation_timestamp": "string",
              "deny": [
                "set",
                [
                  "object",
                  {
                    "ports": [
                      "list",
                      "string"
                    ],
                    "protocol": "string"
                  }
                ]
              ],
              "description": "string",
              "destination_ranges": [
                "set",
                "string"
              ],
              "direction": "string",
              "disabled": "bool",
              "enable_logging": "bool",
              "id": "string",
              "log_config": [
                "list",
                [
                  "object",
                  {
                    "metadata": "string"
                  }
                ]
              ],
              "name": "string",
              "network": "string",
              "priority": "number",
              "project": "string",
              "self_link": "string",
              "source_ranges": [
                "set",
                "string"
              ],
              "source_service_accounts": [
                "set",
                "string"
              ],
              "source_tags": [
                "set",
                "string"
              ],
              "target_service_accounts": [
                "set",
                "string"
              ],
              "target_tags": [
                "set",
                "string"
              ],
              "timeouts": [
                "object",
                {
                  "create": "string",
                  "delete": "string",
                  "update": "string"
                }
              ]
            }
          ],
          "allow-ssh-ingress-shared": [
            "object",
            {
              "allow": [
                "set",
                [
                  "object",
                  {
                    "ports": [
                      "list",
                      "string"
                    ],
                    "protocol": "string"
                  }
                ]
              ],
              "creation_timestamp": "string",
              "deny": [
                "set",
                [
                  "object",
                  {
                    "ports": [
                      "list",
                      "string"
                    ],
                    "protocol": "string"
                  }
                ]
              ],
              "description": "string",
              "destination_ranges": [
                "set",
                "string"
              ],
              "direction": "string",
              "disabled": "bool",
              "enable_logging": "bool",
              "id": "string",
              "log_config": [
                "list",
                [
                  "object",
                  {
                    "metadata": "string"
                  }
                ]
              ],
              "name": "string",
              "network": "string",
              "priority": "number",
              "project": "string",
              "self_link": "string",
              "source_ranges": [
                "set",
                "string"
              ],
              "source_service_accounts": [
                "set",
                "string"
              ],
              "source_tags": [
                "set",
                "string"
              ],
              "target_service_accounts": [
                "set",
                "string"
              ],
              "target_tags": [
                "set",
                "string"
              ],
              "timeouts": [
                "object",
                {
                  "create": "string",
                  "delete": "string",
                  "update": "string"
                }
              ]
            }
          ]
        }
      ]
    },
    "host-network_selflink": {
      "value": "https://www.googleapis.com/compute/v1/projects/saranshg-test/global/networks/host-network-1",
      "type": "string"
    },
    "scp-name": {
      "value": "projects/saranshg-test/locations/us-central1/serviceConnectionPolicies/service-connection-policy",
      "type": "string"
    }
  },
  "resources": [
    {
      "mode": "managed",
      "type": "google_storage_bucket",
      "name": "default",
      "provider": "provider[\"registry.terraform.io/hashicorp/google\"]",
      "instances": [
        {
          "schema_version": 1,
          "attributes": {
            "autoclass": [],
            "cors": [],
            "custom_placement_config": [],
            "default_event_based_hold": false,
            "effective_labels": {},
            "enable_object_retention": false,
            "encryption": [],
            "force_destroy": true,
            "id": "1b284dfc3efaa3fc-terraform-remote-backend",
            "labels": null,
            "lifecycle_rule": [],
            "location": "US",
            "logging": [],
            "name": "1b284dfc3efaa3fc-terraform-remote-backend",
            "project": "saranshg-test",
            "project_number": 225779552642,
            "public_access_prevention": "enforced",
            "requester_pays": false,
            "retention_policy": [],
            "rpo": "DEFAULT",
            "self_link": "https://www.googleapis.com/storage/v1/b/1b284dfc3efaa3fc-terraform-remote-backend",
            "soft_delete_policy": [
              {
                "effective_time": "2024-08-26T16:49:49.271Z",
                "retention_duration_seconds": 604800
              }
            ],
            "storage_class": "STANDARD",
            "terraform_labels": {},
            "timeouts": null,
            "uniform_bucket_level_access": true,
            "url": "gs://1b284dfc3efaa3fc-terraform-remote-backend",
            "versioning": [
              {
                "enabled": true
              }
            ],
            "website": []
          },
          "sensitive_attributes": [],
          "private": "eyJlMmJmYjczMC1lY2FhLTExZTYtOGY4OC0zNDM2M2JjN2M0YzAiOnsiY3JlYXRlIjo2MDAwMDAwMDAwMDAsInJlYWQiOjI0MDAwMDAwMDAwMCwidXBkYXRlIjoyNDAwMDAwMDAwMDB9LCJzY2hlbWFfdmVyc2lvbiI6IjEifQ==",
          "dependencies": [
            "random_id.default"
          ]
        }
      ]
    },
    {
      "mode": "managed",
      "type": "local_file",
      "name": "default",
      "provider": "provider[\"registry.terraform.io/hashicorp/local\"]",
      "instances": [
        {
          "schema_version": 0,
          "attributes": {
            "content": "terraform {\n  backend \"gcs\" {\n    bucket = \"1b284dfc3efaa3fc-terraform-remote-backend\"\n    force_destroy               = true\n  }\n}\n",
            "content_base64": null,
            "content_base64sha256": "ilE8VZgRC5dr/5hVTwL9dbuBsEamkptkdU3KtQl39ME=",
            "content_base64sha512": "nfVubw/YgDe7ZS8StdRwP//84FKKBt3lpyyYDoV71apSLINaiPuJXE+89gVgsCqAVDw66mCPwEhtupUBYa9oGw==",
            "content_md5": "a0d86610caaf401e6ef48b7dc4e73d6c",
            "content_sha1": "94977e52689702393ec6aba32c01b73dab4e82e7",
            "content_sha256": "8a513c5598110b976bff98554f02fd75bb81b046a6929b64754dcab50977f4c1",
            "content_sha512": "9df56e6f0fd88037bb652f12b5d4703ffffce0528a06dde5a72c980e857bd5aa522c835a88fb895c4fbcf60560b02a80543c3aea608fc0486dba950161af681b",
            "directory_permission": "0777",
            "file_permission": "0644",
            "filename": "./backend.tf",
            "id": "94977e52689702393ec6aba32c01b73dab4e82e7",
            "sensitive_content": null,
            "source": null
          },
          "sensitive_attributes": [
            [
              {
                "type": "get_attr",
                "value": "sensitive_content"
              }
            ]
          ],
          "dependencies": [
            "google_storage_bucket.default",
            "random_id.default"
          ]
        }
      ]
    },
    {
      "mode": "managed",
      "type": "random_id",
      "name": "default",
      "provider": "provider[\"registry.terraform.io/hashicorp/random\"]",
      "instances": [
        {
          "schema_version": 0,
          "attributes": {
            "b64_std": "GyhN/D76o/w=",
            "b64_url": "GyhN_D76o_w",
            "byte_length": 8,
            "dec": "1956899783876191228",
            "hex": "1b284dfc3efaa3fc",
            "id": "GyhN_D76o_w",
            "keepers": null,
            "prefix": null
          },
          "sensitive_attributes": []
        }
      ]
    },
    {
      "module": "module.cloud_router[\"cloud-router1\"]",
      "mode": "managed",
      "type": "google_compute_router",
      "name": "router",
      "provider": "provider[\"registry.terraform.io/hashicorp/google\"]",
      "instances": [
        {
          "schema_version": 0,
          "attributes": {
            "bgp": [],
            "creation_timestamp": "2024-08-26T09:50:37.034-07:00",
            "description": "",
            "encrypted_interconnect_router": false,
            "id": "projects/saranshg-test/regions/us-central1/routers/cloud-router1",
            "name": "cloud-router1",
            "network": "https://www.googleapis.com/compute/v1/projects/saranshg-test/global/networks/host-network-1",
            "project": "saranshg-test",
            "region": "us-central1",
            "self_link": "https://www.googleapis.com/compute/v1/projects/saranshg-test/regions/us-central1/routers/cloud-router1",
            "timeouts": null
          },
          "sensitive_attributes": [],
          "private": "eyJlMmJmYjczMC1lY2FhLTExZTYtOGY4OC0zNDM2M2JjN2M0YzAiOnsiY3JlYXRlIjoxMjAwMDAwMDAwMDAwLCJkZWxldGUiOjEyMDAwMDAwMDAwMDAsInVwZGF0ZSI6MTIwMDAwMDAwMDAwMH19",
          "dependencies": [
            "module.vpc-host.google_compute_global_address.psa_ranges",
            "module.vpc-host.google_compute_network.network",
            "module.vpc-host.google_compute_network_attachment.default",
            "module.vpc-host.google_compute_network_peering.local",
            "module.vpc-host.google_compute_network_peering.remote",
            "module.vpc-host.google_compute_network_peering_routes_config.psa_routes",
            "module.vpc-host.google_compute_route.gateway",
            "module.vpc-host.google_compute_route.ilb",
            "module.vpc-host.google_compute_route.instance",
            "module.vpc-host.google_compute_route.ip",
            "module.vpc-host.google_compute_route.vpn_tunnel",
            "module.vpc-host.google_compute_shared_vpc_host_project.shared_vpc_host",
            "module.vpc-host.google_compute_shared_vpc_service_project.service_projects",
            "module.vpc-host.google_compute_subnetwork.private_nat",
            "module.vpc-host.google_compute_subnetwork.proxy_only",
            "module.vpc-host.google_compute_subnetwork.psc",
            "module.vpc-host.google_compute_subnetwork.subnetwork",
            "module.vpc-host.google_compute_subnetwork_iam_binding.authoritative",
            "module.vpc-host.google_compute_subnetwork_iam_binding.bindings",
            "module.vpc-host.google_compute_subnetwork_iam_member.bindings",
            "module.vpc-host.google_dns_policy.default",
            "module.vpc-host.google_network_connectivity_policy_based_route.default",
            "module.vpc-host.google_service_networking_connection.psa_connection",
            "module.vpc-host.google_service_networking_peered_dns_domain.name"
          ]
        }
      ]
    },
    {
      "module": "module.cloud_router[\"cloud-router1\"]",
      "mode": "managed",
      "type": "google_compute_router_nat",
      "name": "nats",
      "provider": "provider[\"registry.terraform.io/hashicorp/google\"]",
      "instances": [
        {
          "index_key": "my-nat-gateway",
          "schema_version": 0,
          "attributes": {
            "auto_network_tier": "PREMIUM",
            "drain_nat_ips": null,
            "enable_dynamic_port_allocation": false,
            "enable_endpoint_independent_mapping": false,
            "endpoint_types": [
              "ENDPOINT_TYPE_VM"
            ],
            "icmp_idle_timeout_sec": 30,
            "id": "saranshg-test/us-central1/cloud-router1/my-nat-gateway",
            "log_config": [
              {
                "enable": true,
                "filter": "ALL"
              }
            ],
            "max_ports_per_vm": 0,
            "min_ports_per_vm": 0,
            "name": "my-nat-gateway",
            "nat_ip_allocate_option": "AUTO_ONLY",
            "nat_ips": null,
            "project": "saranshg-test",
            "region": "us-central1",
            "router": "cloud-router1",
            "rules": [],
            "source_subnetwork_ip_ranges_to_nat": "LIST_OF_SUBNETWORKS",
            "subnetwork": [
              {
                "name": "projects/saranshg-test/regions/us-central1/subnetworks/subnetwork-1",
                "secondary_ip_range_names": [],
                "source_ip_ranges_to_nat": [
                  "PRIMARY_IP_RANGE"
                ]
              }
            ],
            "tcp_established_idle_timeout_sec": 1200,
            "tcp_time_wait_timeout_sec": 120,
            "tcp_transitory_idle_timeout_sec": 30,
            "timeouts": null,
            "udp_idle_timeout_sec": 30
          },
          "sensitive_attributes": [],
          "private": "eyJlMmJmYjczMC1lY2FhLTExZTYtOGY4OC0zNDM2M2JjN2M0YzAiOnsiY3JlYXRlIjoxMjAwMDAwMDAwMDAwLCJkZWxldGUiOjEyMDAwMDAwMDAwMDAsInVwZGF0ZSI6MTIwMDAwMDAwMDAwMH19",
          "dependencies": [
            "module.cloud_router.google_compute_router.router",
            "module.vpc-host.google_compute_global_address.psa_ranges",
            "module.vpc-host.google_compute_network.network",
            "module.vpc-host.google_compute_network_attachment.default",
            "module.vpc-host.google_compute_network_peering.local",
            "module.vpc-host.google_compute_network_peering.remote",
            "module.vpc-host.google_compute_network_peering_routes_config.psa_routes",
            "module.vpc-host.google_compute_route.gateway",
            "module.vpc-host.google_compute_route.ilb",
            "module.vpc-host.google_compute_route.instance",
            "module.vpc-host.google_compute_route.ip",
            "module.vpc-host.google_compute_route.vpn_tunnel",
            "module.vpc-host.google_compute_shared_vpc_host_project.shared_vpc_host",
            "module.vpc-host.google_compute_shared_vpc_service_project.service_projects",
            "module.vpc-host.google_compute_subnetwork.private_nat",
            "module.vpc-host.google_compute_subnetwork.proxy_only",
            "module.vpc-host.google_compute_subnetwork.psc",
            "module.vpc-host.google_compute_subnetwork.subnetwork",
            "module.vpc-host.google_compute_subnetwork_iam_binding.authoritative",
            "module.vpc-host.google_compute_subnetwork_iam_binding.bindings",
            "module.vpc-host.google_compute_subnetwork_iam_member.bindings",
            "module.vpc-host.google_dns_policy.default",
            "module.vpc-host.google_network_connectivity_policy_based_route.default",
            "module.vpc-host.google_service_networking_connection.psa_connection",
            "module.vpc-host.google_service_networking_peered_dns_domain.name"
          ]
        }
      ]
    },
    {
      "module": "module.firewall_rules",
      "mode": "managed",
      "type": "google_compute_firewall",
      "name": "rules_ingress_egress",
      "provider": "provider[\"registry.terraform.io/hashicorp/google\"]",
      "instances": [
        {
          "index_key": "allow-memorystore-connect",
          "schema_version": 1,
          "attributes": {
            "allow": [
              {
                "ports": [
                  "6379"
                ],
                "protocol": "tcp"
              }
            ],
            "creation_timestamp": "2024-08-26T09:50:35.492-07:00",
            "deny": [],
            "description": "",
            "destination_ranges": [],
            "direction": "INGRESS",
            "disabled": false,
            "enable_logging": null,
            "id": "projects/saranshg-test/global/firewalls/allow-memorystore-connect",
            "log_config": [
              {
                "metadata": "INCLUDE_ALL_METADATA"
              }
            ],
            "name": "allow-memorystore-connect",
            "network": "https://www.googleapis.com/compute/v1/projects/saranshg-test/global/networks/host-network-1",
            "priority": 1000,
            "project": "saranshg-test",
            "self_link": "https://www.googleapis.com/compute/v1/projects/saranshg-test/global/firewalls/allow-memorystore-connect",
            "source_ranges": [
              "10.0.0.0/24"
            ],
            "source_service_accounts": null,
            "source_tags": null,
            "target_service_accounts": null,
            "target_tags": null,
            "timeouts": null
          },
          "sensitive_attributes": [],
          "private": "eyJlMmJmYjczMC1lY2FhLTExZTYtOGY4OC0zNDM2M2JjN2M0YzAiOnsiY3JlYXRlIjoxMjAwMDAwMDAwMDAwLCJkZWxldGUiOjEyMDAwMDAwMDAwMDAsInVwZGF0ZSI6MTIwMDAwMDAwMDAwMH0sInNjaGVtYV92ZXJzaW9uIjoiMSJ9",
          "dependencies": [
            "module.vpc-host.google_compute_global_address.psa_ranges",
            "module.vpc-host.google_compute_network.network",
            "module.vpc-host.google_compute_network_peering.local",
            "module.vpc-host.google_compute_network_peering.remote",
            "module.vpc-host.google_compute_shared_vpc_host_project.shared_vpc_host",
            "module.vpc-host.google_compute_shared_vpc_service_project.service_projects",
            "module.vpc-host.google_service_networking_connection.psa_connection"
          ]
        },
        {
          "index_key": "allow-ssh-ingress-shared",
          "schema_version": 1,
          "attributes": {
            "allow": [
              {
                "ports": [
                  "22"
                ],
                "protocol": "tcp"
              }
            ],
            "creation_timestamp": "2024-08-26T09:50:35.494-07:00",
            "deny": [],
            "description": "",
            "destination_ranges": [],
            "direction": "INGRESS",
            "disabled": false,
            "enable_logging": null,
            "id": "projects/saranshg-test/global/firewalls/allow-ssh-ingress-shared",
            "log_config": [
              {
                "metadata": "INCLUDE_ALL_METADATA"
              }
            ],
            "name": "allow-ssh-ingress-shared",
            "network": "https://www.googleapis.com/compute/v1/projects/saranshg-test/global/networks/host-network-1",
            "priority": 1000,
            "project": "saranshg-test",
            "self_link": "https://www.googleapis.com/compute/v1/projects/saranshg-test/global/firewalls/allow-ssh-ingress-shared",
            "source_ranges": [
              "10.88.0.0/16",
              "35.235.240.0/20"
            ],
            "source_service_accounts": null,
            "source_tags": null,
            "target_service_accounts": null,
            "target_tags": null,
            "timeouts": null
          },
          "sensitive_attributes": [],
          "private": "eyJlMmJmYjczMC1lY2FhLTExZTYtOGY4OC0zNDM2M2JjN2M0YzAiOnsiY3JlYXRlIjoxMjAwMDAwMDAwMDAwLCJkZWxldGUiOjEyMDAwMDAwMDAwMDAsInVwZGF0ZSI6MTIwMDAwMDAwMDAwMH0sInNjaGVtYV92ZXJzaW9uIjoiMSJ9",
          "dependencies": [
            "module.vpc-host.google_compute_global_address.psa_ranges",
            "module.vpc-host.google_compute_network.network",
            "module.vpc-host.google_compute_network_peering.local",
            "module.vpc-host.google_compute_network_peering.remote",
            "module.vpc-host.google_compute_shared_vpc_host_project.shared_vpc_host",
            "module.vpc-host.google_compute_shared_vpc_service_project.service_projects",
            "module.vpc-host.google_service_networking_connection.psa_connection"
          ]
        }
      ]
    },
    {
      "module": "module.redis_cluster[\"redis-cluster1\"]",
      "mode": "managed",
      "type": "google_redis_cluster",
      "name": "redis_cluster",
      "provider": "provider[\"registry.terraform.io/hashicorp/google\"]",
      "instances": [
        {
          "schema_version": 0,
          "attributes": {
            "authorization_mode": "AUTH_MODE_DISABLED",
            "create_time": "2024-08-26T16:50:42.680295905Z",
            "discovery_endpoints": [
              {
                "address": "10.0.0.4",
                "port": 6379,
                "psc_config": [
                  {
                    "network": "projects/saranshg-test/global/networks/host-network-1"
                  }
                ]
              }
            ],
            "id": "projects/bkailash/locations/us-central1/clusters/redis-cluster1",
            "name": "redis-cluster1",
            "node_type": "REDIS_STANDARD_SMALL",
            "precise_size_gb": 19.5,
            "project": "bkailash",
            "psc_configs": [
              {
                "network": "projects/saranshg-test/global/networks/host-network-1"
              }
            ],
            "psc_connections": [
              {
                "address": "10.0.0.4",
                "forwarding_rule": "https://www.googleapis.com/compute/v1/projects/bkailash/regions/us-central1/forwardingRules/sca-auto-fr-d3f16f03-a322-4554-bc0f-a7462986ff4a",
                "network": "projects/saranshg-test/global/networks/host-network-1",
                "project_id": "bkailash",
                "psc_connection_id": "84115354111967236"
              },
              {
                "address": "10.0.0.3",
                "forwarding_rule": "https://www.googleapis.com/compute/v1/projects/bkailash/regions/us-central1/forwardingRules/sca-auto-fr-30e06b80-6304-4082-a6d2-807ee94d20d8",
                "network": "projects/saranshg-test/global/networks/host-network-1",
                "project_id": "bkailash",
                "psc_connection_id": "84115354111967235"
              }
            ],
            "redis_configs": {
              "maxmemory-policy": "volatile-ttl"
            },
            "region": "us-central1",
            "replica_count": 0,
            "shard_count": 3,
            "size_gb": 20,
            "state": "ACTIVE",
            "state_info": [],
            "timeouts": null,
            "transit_encryption_mode": "TRANSIT_ENCRYPTION_MODE_DISABLED",
            "uid": "5e28bbaa-aa27-49d6-aada-1c27dff4c542",
            "zone_distribution_config": [
              {
                "mode": "MULTI_ZONE",
                "zone": ""
              }
            ]
          },
          "sensitive_attributes": [],
          "private": "eyJlMmJmYjczMC1lY2FhLTExZTYtOGY4OC0zNDM2M2JjN2M0YzAiOnsiY3JlYXRlIjozNjAwMDAwMDAwMDAwLCJkZWxldGUiOjE4MDAwMDAwMDAwMDAsInVwZGF0ZSI6NzIwMDAwMDAwMDAwMH19",
          "dependencies": [
            "module.redis_cluster.google_network_connectivity_service_connection_policy.service_connection_policies",
            "module.redis_cluster.module.enable_apis.data.google_compute_default_service_account.default",
            "module.redis_cluster.module.enable_apis.google_project_iam_member.project_service_identity_roles",
            "module.redis_cluster.module.enable_apis.google_project_service.project_services",
            "module.redis_cluster.module.enable_apis.google_project_service_identity.project_service_identities",
            "module.vpc-host.google_compute_global_address.psa_ranges",
            "module.vpc-host.google_compute_network.network",
            "module.vpc-host.google_compute_network_attachment.default",
            "module.vpc-host.google_compute_network_peering.local",
            "module.vpc-host.google_compute_network_peering.remote",
            "module.vpc-host.google_compute_network_peering_routes_config.psa_routes",
            "module.vpc-host.google_compute_route.gateway",
            "module.vpc-host.google_compute_route.ilb",
            "module.vpc-host.google_compute_route.instance",
            "module.vpc-host.google_compute_route.ip",
            "module.vpc-host.google_compute_route.vpn_tunnel",
            "module.vpc-host.google_compute_shared_vpc_host_project.shared_vpc_host",
            "module.vpc-host.google_compute_shared_vpc_service_project.service_projects",
            "module.vpc-host.google_compute_subnetwork.private_nat",
            "module.vpc-host.google_compute_subnetwork.proxy_only",
            "module.vpc-host.google_compute_subnetwork.psc",
            "module.vpc-host.google_compute_subnetwork.subnetwork",
            "module.vpc-host.google_compute_subnetwork_iam_binding.authoritative",
            "module.vpc-host.google_compute_subnetwork_iam_binding.bindings",
            "module.vpc-host.google_compute_subnetwork_iam_member.bindings",
            "module.vpc-host.google_dns_policy.default",
            "module.vpc-host.google_network_connectivity_policy_based_route.default",
            "module.vpc-host.google_service_networking_connection.psa_connection",
            "module.vpc-host.google_service_networking_peered_dns_domain.name"
          ]
        }
      ]
    },
    {
      "module": "module.redis_cluster[\"redis-cluster1\"].module.enable_apis",
      "mode": "managed",
      "type": "google_project_service",
      "name": "project_services",
      "provider": "provider[\"registry.terraform.io/hashicorp/google\"]",
      "instances": [
        {
          "index_key": "compute.googleapis.com",
          "schema_version": 0,
          "attributes": {
            "disable_dependent_services": false,
            "disable_on_destroy": false,
            "id": "bkailash/compute.googleapis.com",
            "project": "bkailash",
            "service": "compute.googleapis.com",
            "timeouts": null
          },
          "sensitive_attributes": [],
          "private": "eyJlMmJmYjczMC1lY2FhLTExZTYtOGY4OC0zNDM2M2JjN2M0YzAiOnsiY3JlYXRlIjoxMjAwMDAwMDAwMDAwLCJkZWxldGUiOjEyMDAwMDAwMDAwMDAsInJlYWQiOjYwMDAwMDAwMDAwMCwidXBkYXRlIjoxMjAwMDAwMDAwMDAwfX0=",
          "dependencies": [
            "module.vpc-host.google_compute_global_address.psa_ranges",
            "module.vpc-host.google_compute_network.network",
            "module.vpc-host.google_compute_network_attachment.default",
            "module.vpc-host.google_compute_network_peering.local",
            "module.vpc-host.google_compute_network_peering.remote",
            "module.vpc-host.google_compute_network_peering_routes_config.psa_routes",
            "module.vpc-host.google_compute_route.gateway",
            "module.vpc-host.google_compute_route.ilb",
            "module.vpc-host.google_compute_route.instance",
            "module.vpc-host.google_compute_route.ip",
            "module.vpc-host.google_compute_route.vpn_tunnel",
            "module.vpc-host.google_compute_shared_vpc_host_project.shared_vpc_host",
            "module.vpc-host.google_compute_shared_vpc_service_project.service_projects",
            "module.vpc-host.google_compute_subnetwork.private_nat",
            "module.vpc-host.google_compute_subnetwork.proxy_only",
            "module.vpc-host.google_compute_subnetwork.psc",
            "module.vpc-host.google_compute_subnetwork.subnetwork",
            "module.vpc-host.google_compute_subnetwork_iam_binding.authoritative",
            "module.vpc-host.google_compute_subnetwork_iam_binding.bindings",
            "module.vpc-host.google_compute_subnetwork_iam_member.bindings",
            "module.vpc-host.google_dns_policy.default",
            "module.vpc-host.google_network_connectivity_policy_based_route.default",
            "module.vpc-host.google_service_networking_connection.psa_connection",
            "module.vpc-host.google_service_networking_peered_dns_domain.name"
          ]
        },
        {
          "index_key": "networkconnectivity.googleapis.com",
          "schema_version": 0,
          "attributes": {
            "disable_dependent_services": false,
            "disable_on_destroy": false,
            "id": "bkailash/networkconnectivity.googleapis.com",
            "project": "bkailash",
            "service": "networkconnectivity.googleapis.com",
            "timeouts": null
          },
          "sensitive_attributes": [],
          "private": "eyJlMmJmYjczMC1lY2FhLTExZTYtOGY4OC0zNDM2M2JjN2M0YzAiOnsiY3JlYXRlIjoxMjAwMDAwMDAwMDAwLCJkZWxldGUiOjEyMDAwMDAwMDAwMDAsInJlYWQiOjYwMDAwMDAwMDAwMCwidXBkYXRlIjoxMjAwMDAwMDAwMDAwfX0=",
          "dependencies": [
            "module.vpc-host.google_compute_global_address.psa_ranges",
            "module.vpc-host.google_compute_network.network",
            "module.vpc-host.google_compute_network_attachment.default",
            "module.vpc-host.google_compute_network_peering.local",
            "module.vpc-host.google_compute_network_peering.remote",
            "module.vpc-host.google_compute_network_peering_routes_config.psa_routes",
            "module.vpc-host.google_compute_route.gateway",
            "module.vpc-host.google_compute_route.ilb",
            "module.vpc-host.google_compute_route.instance",
            "module.vpc-host.google_compute_route.ip",
            "module.vpc-host.google_compute_route.vpn_tunnel",
            "module.vpc-host.google_compute_shared_vpc_host_project.shared_vpc_host",
            "module.vpc-host.google_compute_shared_vpc_service_project.service_projects",
            "module.vpc-host.google_compute_subnetwork.private_nat",
            "module.vpc-host.google_compute_subnetwork.proxy_only",
            "module.vpc-host.google_compute_subnetwork.psc",
            "module.vpc-host.google_compute_subnetwork.subnetwork",
            "module.vpc-host.google_compute_subnetwork_iam_binding.authoritative",
            "module.vpc-host.google_compute_subnetwork_iam_binding.bindings",
            "module.vpc-host.google_compute_subnetwork_iam_member.bindings",
            "module.vpc-host.google_dns_policy.default",
            "module.vpc-host.google_network_connectivity_policy_based_route.default",
            "module.vpc-host.google_service_networking_connection.psa_connection",
            "module.vpc-host.google_service_networking_peered_dns_domain.name"
          ]
        },
        {
          "index_key": "redis.googleapis.com",
          "schema_version": 0,
          "attributes": {
            "disable_dependent_services": false,
            "disable_on_destroy": false,
            "id": "bkailash/redis.googleapis.com",
            "project": "bkailash",
            "service": "redis.googleapis.com",
            "timeouts": null
          },
          "sensitive_attributes": [],
          "private": "eyJlMmJmYjczMC1lY2FhLTExZTYtOGY4OC0zNDM2M2JjN2M0YzAiOnsiY3JlYXRlIjoxMjAwMDAwMDAwMDAwLCJkZWxldGUiOjEyMDAwMDAwMDAwMDAsInJlYWQiOjYwMDAwMDAwMDAwMCwidXBkYXRlIjoxMjAwMDAwMDAwMDAwfX0=",
          "dependencies": [
            "module.vpc-host.google_compute_global_address.psa_ranges",
            "module.vpc-host.google_compute_network.network",
            "module.vpc-host.google_compute_network_attachment.default",
            "module.vpc-host.google_compute_network_peering.local",
            "module.vpc-host.google_compute_network_peering.remote",
            "module.vpc-host.google_compute_network_peering_routes_config.psa_routes",
            "module.vpc-host.google_compute_route.gateway",
            "module.vpc-host.google_compute_route.ilb",
            "module.vpc-host.google_compute_route.instance",
            "module.vpc-host.google_compute_route.ip",
            "module.vpc-host.google_compute_route.vpn_tunnel",
            "module.vpc-host.google_compute_shared_vpc_host_project.shared_vpc_host",
            "module.vpc-host.google_compute_shared_vpc_service_project.service_projects",
            "module.vpc-host.google_compute_subnetwork.private_nat",
            "module.vpc-host.google_compute_subnetwork.proxy_only",
            "module.vpc-host.google_compute_subnetwork.psc",
            "module.vpc-host.google_compute_subnetwork.subnetwork",
            "module.vpc-host.google_compute_subnetwork_iam_binding.authoritative",
            "module.vpc-host.google_compute_subnetwork_iam_binding.bindings",
            "module.vpc-host.google_compute_subnetwork_iam_member.bindings",
            "module.vpc-host.google_dns_policy.default",
            "module.vpc-host.google_network_connectivity_policy_based_route.default",
            "module.vpc-host.google_service_networking_connection.psa_connection",
            "module.vpc-host.google_service_networking_peered_dns_domain.name"
          ]
        },
        {
          "index_key": "serviceconsumermanagement.googleapis.com",
          "schema_version": 0,
          "attributes": {
            "disable_dependent_services": false,
            "disable_on_destroy": false,
            "id": "bkailash/serviceconsumermanagement.googleapis.com",
            "project": "bkailash",
            "service": "serviceconsumermanagement.googleapis.com",
            "timeouts": null
          },
          "sensitive_attributes": [],
          "private": "eyJlMmJmYjczMC1lY2FhLTExZTYtOGY4OC0zNDM2M2JjN2M0YzAiOnsiY3JlYXRlIjoxMjAwMDAwMDAwMDAwLCJkZWxldGUiOjEyMDAwMDAwMDAwMDAsInJlYWQiOjYwMDAwMDAwMDAwMCwidXBkYXRlIjoxMjAwMDAwMDAwMDAwfX0=",
          "dependencies": [
            "module.vpc-host.google_compute_global_address.psa_ranges",
            "module.vpc-host.google_compute_network.network",
            "module.vpc-host.google_compute_network_attachment.default",
            "module.vpc-host.google_compute_network_peering.local",
            "module.vpc-host.google_compute_network_peering.remote",
            "module.vpc-host.google_compute_network_peering_routes_config.psa_routes",
            "module.vpc-host.google_compute_route.gateway",
            "module.vpc-host.google_compute_route.ilb",
            "module.vpc-host.google_compute_route.instance",
            "module.vpc-host.google_compute_route.ip",
            "module.vpc-host.google_compute_route.vpn_tunnel",
            "module.vpc-host.google_compute_shared_vpc_host_project.shared_vpc_host",
            "module.vpc-host.google_compute_shared_vpc_service_project.service_projects",
            "module.vpc-host.google_compute_subnetwork.private_nat",
            "module.vpc-host.google_compute_subnetwork.proxy_only",
            "module.vpc-host.google_compute_subnetwork.psc",
            "module.vpc-host.google_compute_subnetwork.subnetwork",
            "module.vpc-host.google_compute_subnetwork_iam_binding.authoritative",
            "module.vpc-host.google_compute_subnetwork_iam_binding.bindings",
            "module.vpc-host.google_compute_subnetwork_iam_member.bindings",
            "module.vpc-host.google_dns_policy.default",
            "module.vpc-host.google_network_connectivity_policy_based_route.default",
            "module.vpc-host.google_service_networking_connection.psa_connection",
            "module.vpc-host.google_service_networking_peered_dns_domain.name"
          ]
        }
      ]
    },
    {
      "module": "module.service-connection-policy",
      "mode": "managed",
      "type": "google_network_connectivity_service_connection_policy",
      "name": "default",
      "provider": "provider[\"registry.terraform.io/hashicorp/google\"]",
      "instances": [
        {
          "schema_version": 0,
          "attributes": {
            "create_time": "2024-08-26T16:50:37.633689999Z",
            "description": "",
            "effective_labels": {},
            "etag": "gZPPo3sKeXyNpJBo-_q-CRM-TcQxcQSIvY_4hp3aEiY",
            "id": "projects/saranshg-test/locations/us-central1/serviceConnectionPolicies/service-connection-policy",
            "infrastructure": "PSC",
            "labels": null,
            "location": "us-central1",
            "name": "service-connection-policy",
            "network": "https://www.googleapis.com/compute/v1/projects/saranshg-test/global/networks/host-network-1",
            "project": "saranshg-test",
            "psc_config": [
              {
                "limit": "2",
                "subnetworks": [
                  "projects/saranshg-test/regions/us-central1/subnetworks/subnetwork-1"
                ]
              }
            ],
            "psc_connections": [],
            "service_class": "gcp-memorystore-redis",
            "terraform_labels": {},
            "timeouts": null,
            "update_time": "2024-08-26T16:50:37.791658277Z"
          },
          "sensitive_attributes": [],
          "private": "eyJlMmJmYjczMC1lY2FhLTExZTYtOGY4OC0zNDM2M2JjN2M0YzAiOnsiY3JlYXRlIjoxODAwMDAwMDAwMDAwLCJkZWxldGUiOjE4MDAwMDAwMDAwMDAsInVwZGF0ZSI6MTgwMDAwMDAwMDAwMH19",
          "dependencies": [
            "module.vpc-host.google_compute_global_address.psa_ranges",
            "module.vpc-host.google_compute_network.network",
            "module.vpc-host.google_compute_network_attachment.default",
            "module.vpc-host.google_compute_network_peering.local",
            "module.vpc-host.google_compute_network_peering.remote",
            "module.vpc-host.google_compute_network_peering_routes_config.psa_routes",
            "module.vpc-host.google_compute_route.gateway",
            "module.vpc-host.google_compute_route.ilb",
            "module.vpc-host.google_compute_route.instance",
            "module.vpc-host.google_compute_route.ip",
            "module.vpc-host.google_compute_route.vpn_tunnel",
            "module.vpc-host.google_compute_shared_vpc_host_project.shared_vpc_host",
            "module.vpc-host.google_compute_shared_vpc_service_project.service_projects",
            "module.vpc-host.google_compute_subnetwork.private_nat",
            "module.vpc-host.google_compute_subnetwork.proxy_only",
            "module.vpc-host.google_compute_subnetwork.psc",
            "module.vpc-host.google_compute_subnetwork.subnetwork",
            "module.vpc-host.google_compute_subnetwork_iam_binding.authoritative",
            "module.vpc-host.google_compute_subnetwork_iam_binding.bindings",
            "module.vpc-host.google_compute_subnetwork_iam_member.bindings",
            "module.vpc-host.google_dns_policy.default",
            "module.vpc-host.google_network_connectivity_policy_based_route.default",
            "module.vpc-host.google_service_networking_connection.psa_connection",
            "module.vpc-host.google_service_networking_peered_dns_domain.name"
          ]
        }
      ]
    },
    {
      "module": "module.simple-vm-example[\"vm1\"]",
      "mode": "managed",
      "type": "google_compute_instance",
      "name": "default",
      "provider": "provider[\"registry.terraform.io/hashicorp/google-beta\"]",
      "instances": [
        {
          "index_key": 0,
          "schema_version": 6,
          "attributes": {
            "advanced_machine_features": [],
            "allow_stopping_for_update": true,
            "attached_disk": [],
            "boot_disk": [
              {
                "auto_delete": true,
                "device_name": "persistent-disk-0",
                "disk_encryption_key_raw": "",
                "disk_encryption_key_sha256": "",
                "initialize_params": [
                  {
                    "enable_confidential_compute": false,
                    "image": "https://www.googleapis.com/compute/beta/projects/debian-cloud/global/images/debian-11-bullseye-v20240815",
                    "labels": {},
                    "provisioned_iops": 0,
                    "provisioned_throughput": 0,
                    "resource_manager_tags": null,
                    "size": 10,
                    "storage_pool": "",
                    "type": "pd-balanced"
                  }
                ],
                "kms_key_self_link": "",
                "mode": "READ_WRITE",
                "source": "https://www.googleapis.com/compute/v1/projects/bkailash/zones/us-central1-a/disks/my-vm-1"
              }
            ],
            "can_ip_forward": false,
            "confidential_instance_config": [],
            "cpu_platform": "Intel Haswell",
            "current_status": "RUNNING",
            "deletion_protection": false,
            "description": "Managed by the compute-vm Terraform module.",
            "desired_status": null,
            "effective_labels": {},
            "enable_display": false,
            "guest_accelerator": [],
            "hostname": "",
            "id": "projects/bkailash/zones/us-central1-a/instances/my-vm-1",
            "instance_id": "7652829974430289073",
            "label_fingerprint": "42WmSpB8rSM=",
            "labels": null,
            "machine_type": "f1-micro",
            "metadata": {
              "startup-script": "#!/bin/bash\n\n# Update package lists\nsudo apt-get update -y\n\n# Install Redis tools and telnet\nsudo apt-get install -y redis-tools telnet "
            },
            "metadata_fingerprint": "dLY4rS_6mmk=",
            "metadata_startup_script": null,
            "min_cpu_platform": "",
            "name": "my-vm-1",
            "network_interface": [
              {
                "access_config": [],
                "alias_ip_range": [],
                "internal_ipv6_prefix_length": 0,
                "ipv6_access_config": [],
                "ipv6_access_type": "",
                "ipv6_address": "",
                "name": "nic0",
                "network": "https://www.googleapis.com/compute/v1/projects/saranshg-test/global/networks/host-network-1",
                "network_attachment": "",
                "network_ip": "10.0.0.2",
                "nic_type": "",
                "queue_count": 0,
                "security_policy": "",
                "stack_type": "IPV4_ONLY",
                "subnetwork": "https://www.googleapis.com/compute/v1/projects/saranshg-test/regions/us-central1/subnetworks/subnetwork-1",
                "subnetwork_project": "saranshg-test"
              }
            ],
            "network_performance_config": [],
            "params": [],
            "partner_metadata": null,
            "project": "bkailash",
            "reservation_affinity": [],
            "resource_policies": null,
            "scheduling": [
              {
                "automatic_restart": true,
                "instance_termination_action": "",
                "local_ssd_recovery_timeout": [],
                "maintenance_interval": "",
                "max_run_duration": [],
                "min_node_cpus": 0,
                "node_affinities": [],
                "on_host_maintenance": "MIGRATE",
                "on_instance_stop_action": [],
                "preemptible": false,
                "provisioning_model": "STANDARD"
              }
            ],
            "scratch_disk": [],
            "self_link": "https://www.googleapis.com/compute/v1/projects/bkailash/zones/us-central1-a/instances/my-vm-1",
            "service_account": [
              {
                "email": "599025280776-compute@developer.gserviceaccount.com",
                "scopes": [
                  "https://www.googleapis.com/auth/devstorage.read_only",
                  "https://www.googleapis.com/auth/logging.write",
                  "https://www.googleapis.com/auth/monitoring.write"
                ]
              }
            ],
            "shielded_instance_config": [
              {
                "enable_integrity_monitoring": true,
                "enable_secure_boot": false,
                "enable_vtpm": true
              }
            ],
            "tags": null,
            "tags_fingerprint": "42WmSpB8rSM=",
            "terraform_labels": {},
            "timeouts": null,
            "zone": "us-central1-a"
          },
          "sensitive_attributes": [
            [
              {
                "type": "get_attr",
                "value": "boot_disk"
              },
              {
                "type": "index",
                "value": {
                  "value": 0,
                  "type": "number"
                }
              },
              {
                "type": "get_attr",
                "value": "disk_encryption_key_raw"
              }
            ]
          ],
          "private": "eyJlMmJmYjczMC1lY2FhLTExZTYtOGY4OC0zNDM2M2JjN2M0YzAiOnsiY3JlYXRlIjoxMjAwMDAwMDAwMDAwLCJkZWxldGUiOjEyMDAwMDAwMDAwMDAsInVwZGF0ZSI6MTIwMDAwMDAwMDAwMH0sInNjaGVtYV92ZXJzaW9uIjoiNiJ9",
          "dependencies": [
            "module.simple-vm-example.google_compute_disk.boot",
            "module.simple-vm-example.google_compute_disk.disks",
            "module.simple-vm-example.google_compute_region_disk.disks",
            "module.simple-vm-example.google_compute_resource_policy.schedule",
            "module.simple-vm-example.google_service_account.service_account",
            "module.vpc-host.google_compute_global_address.psa_ranges",
            "module.vpc-host.google_compute_network.network",
            "module.vpc-host.google_compute_network_peering.local",
            "module.vpc-host.google_compute_network_peering.remote",
            "module.vpc-host.google_compute_shared_vpc_host_project.shared_vpc_host",
            "module.vpc-host.google_compute_shared_vpc_service_project.service_projects",
            "module.vpc-host.google_service_networking_connection.psa_connection"
          ]
        }
      ]
    },
    {
      "module": "module.vpc-host[0]",
      "mode": "managed",
      "type": "google_compute_network",
      "name": "network",
      "provider": "provider[\"registry.terraform.io/hashicorp/google\"]",
      "instances": [
        {
          "index_key": 0,
          "schema_version": 0,
          "attributes": {
            "auto_create_subnetworks": false,
            "delete_default_routes_on_create": false,
            "description": "Terraform-managed.",
            "enable_ula_internal_ipv6": false,
            "gateway_ipv4": "",
            "id": "projects/saranshg-test/global/networks/host-network-1",
            "internal_ipv6_range": "",
            "mtu": 0,
            "name": "host-network-1",
            "network_firewall_policy_enforcement_order": "AFTER_CLASSIC_FIREWALL",
            "numeric_id": "5217070926136413379",
            "project": "saranshg-test",
            "routing_mode": "GLOBAL",
            "self_link": "https://www.googleapis.com/compute/v1/projects/saranshg-test/global/networks/host-network-1",
            "timeouts": null
          },
          "sensitive_attributes": [],
          "private": "eyJlMmJmYjczMC1lY2FhLTExZTYtOGY4OC0zNDM2M2JjN2M0YzAiOnsiY3JlYXRlIjoxMjAwMDAwMDAwMDAwLCJkZWxldGUiOjEyMDAwMDAwMDAwMDAsInVwZGF0ZSI6MTIwMDAwMDAwMDAwMH19"
        }
      ]
    },
    {
      "module": "module.vpc-host[0]",
      "mode": "managed",
      "type": "google_compute_route",
      "name": "gateway",
      "provider": "provider[\"registry.terraform.io/hashicorp/google\"]",
      "instances": [
        {
          "index_key": "private-googleapis",
          "schema_version": 0,
          "attributes": {
            "description": "Terraform-managed.",
            "dest_range": "199.36.153.8/30",
            "id": "projects/saranshg-test/global/routes/host-network-1-private-googleapis",
            "name": "host-network-1-private-googleapis",
            "network": "https://www.googleapis.com/compute/v1/projects/saranshg-test/global/networks/host-network-1",
            "next_hop_gateway": "https://www.googleapis.com/compute/v1/projects/saranshg-test/global/gateways/default-internet-gateway",
            "next_hop_ilb": "",
            "next_hop_instance": "",
            "next_hop_instance_zone": null,
            "next_hop_ip": "",
            "next_hop_network": "",
            "next_hop_vpn_tunnel": "",
            "priority": 1000,
            "project": "saranshg-test",
            "self_link": "https://www.googleapis.com/compute/v1/projects/saranshg-test/global/routes/host-network-1-private-googleapis",
            "tags": null,
            "timeouts": null
          },
          "sensitive_attributes": [],
          "private": "eyJlMmJmYjczMC1lY2FhLTExZTYtOGY4OC0zNDM2M2JjN2M0YzAiOnsiY3JlYXRlIjoxMjAwMDAwMDAwMDAwLCJkZWxldGUiOjEyMDAwMDAwMDAwMDB9fQ==",
          "dependencies": [
            "module.vpc-host.google_compute_network.network"
          ]
        },
        {
          "index_key": "restricted-googleapis",
          "schema_version": 0,
          "attributes": {
            "description": "Terraform-managed.",
            "dest_range": "199.36.153.4/30",
            "id": "projects/saranshg-test/global/routes/host-network-1-restricted-googleapis",
            "name": "host-network-1-restricted-googleapis",
            "network": "https://www.googleapis.com/compute/v1/projects/saranshg-test/global/networks/host-network-1",
            "next_hop_gateway": "https://www.googleapis.com/compute/v1/projects/saranshg-test/global/gateways/default-internet-gateway",
            "next_hop_ilb": "",
            "next_hop_instance": "",
            "next_hop_instance_zone": null,
            "next_hop_ip": "",
            "next_hop_network": "",
            "next_hop_vpn_tunnel": "",
            "priority": 1000,
            "project": "saranshg-test",
            "self_link": "https://www.googleapis.com/compute/v1/projects/saranshg-test/global/routes/host-network-1-restricted-googleapis",
            "tags": null,
            "timeouts": null
          },
          "sensitive_attributes": [],
          "private": "eyJlMmJmYjczMC1lY2FhLTExZTYtOGY4OC0zNDM2M2JjN2M0YzAiOnsiY3JlYXRlIjoxMjAwMDAwMDAwMDAwLCJkZWxldGUiOjEyMDAwMDAwMDAwMDB9fQ==",
          "dependencies": [
            "module.vpc-host.google_compute_network.network"
          ]
        }
      ]
    },
    {
      "module": "module.vpc-host[0]",
      "mode": "managed",
      "type": "google_compute_shared_vpc_host_project",
      "name": "shared_vpc_host",
      "provider": "provider[\"registry.terraform.io/hashicorp/google-beta\"]",
      "instances": [
        {
          "index_key": 0,
          "schema_version": 0,
          "attributes": {
            "id": "saranshg-test",
            "project": "saranshg-test",
            "timeouts": null
          },
          "sensitive_attributes": [],
          "private": "eyJlMmJmYjczMC1lY2FhLTExZTYtOGY4OC0zNDM2M2JjN2M0YzAiOnsiY3JlYXRlIjoyNDAwMDAwMDAwMDAsImRlbGV0ZSI6MjQwMDAwMDAwMDAwfX0=",
          "dependencies": [
            "module.vpc-host.google_compute_network.network"
          ]
        }
      ]
    },
    {
      "module": "module.vpc-host[0]",
      "mode": "managed",
      "type": "google_compute_shared_vpc_service_project",
      "name": "service_projects",
      "provider": "provider[\"registry.terraform.io/hashicorp/google-beta\"]",
      "instances": [
        {
          "index_key": "bkailash",
          "schema_version": 0,
          "attributes": {
            "deletion_policy": null,
            "host_project": "saranshg-test",
            "id": "saranshg-test/bkailash",
            "service_project": "bkailash",
            "timeouts": null
          },
          "sensitive_attributes": [],
          "private": "eyJlMmJmYjczMC1lY2FhLTExZTYtOGY4OC0zNDM2M2JjN2M0YzAiOnsiY3JlYXRlIjoyNDAwMDAwMDAwMDAsImRlbGV0ZSI6MjQwMDAwMDAwMDAwfX0=",
          "dependencies": [
            "module.vpc-host.google_compute_network.network",
            "module.vpc-host.google_compute_shared_vpc_host_project.shared_vpc_host"
          ]
        }
      ]
    },
    {
      "module": "module.vpc-host[0]",
      "mode": "managed",
      "type": "google_compute_subnetwork",
      "name": "subnetwork",
      "provider": "provider[\"registry.terraform.io/hashicorp/google\"]",
      "instances": [
        {
          "index_key": "us-central1/subnetwork-1",
          "schema_version": 0,
          "attributes": {
            "creation_timestamp": "2024-08-26T09:50:11.558-07:00",
            "description": "Terraform-managed.",
            "external_ipv6_prefix": "",
            "fingerprint": null,
            "gateway_address": "10.0.0.1",
            "id": "projects/saranshg-test/regions/us-central1/subnetworks/subnetwork-1",
            "internal_ipv6_prefix": "",
            "ip_cidr_range": "10.0.0.0/24",
            "ipv6_access_type": "",
            "ipv6_cidr_range": "",
            "log_config": [],
            "name": "subnetwork-1",
            "network": "https://www.googleapis.com/compute/v1/projects/saranshg-test/global/networks/host-network-1",
            "private_ip_google_access": true,
            "private_ipv6_google_access": "DISABLE_GOOGLE_ACCESS",
            "project": "saranshg-test",
            "purpose": "PRIVATE",
            "region": "us-central1",
            "role": "",
            "secondary_ip_range": [],
            "self_link": "https://www.googleapis.com/compute/v1/projects/saranshg-test/regions/us-central1/subnetworks/subnetwork-1",
            "send_secondary_ip_range_if_empty": null,
            "stack_type": "IPV4_ONLY",
            "timeouts": null
          },
          "sensitive_attributes": [],
          "private": "eyJlMmJmYjczMC1lY2FhLTExZTYtOGY4OC0zNDM2M2JjN2M0YzAiOnsiY3JlYXRlIjoxMjAwMDAwMDAwMDAwLCJkZWxldGUiOjEyMDAwMDAwMDAwMDAsInVwZGF0ZSI6MTIwMDAwMDAwMDAwMH19",
          "dependencies": [
            "module.vpc-host.google_compute_network.network"
          ]
        }
      ]
    }
  ],
  "check_results": [
    {
      "object_kind": "var",
      "config_addr": "module.simple-vm-example.var.attached_disks",
      "status": "pass",
      "objects": [
        {
          "object_addr": "module.simple-vm-example[\"vm1\"].var.attached_disks",
          "status": "pass"
        }
      ]
    },
    {
      "object_kind": "var",
      "config_addr": "module.simple-vm-example.var.options",
      "status": "pass",
      "objects": [
        {
          "object_addr": "module.simple-vm-example[\"vm1\"].var.options",
          "status": "pass"
        }
      ]
    },
    {
      "object_kind": "var",
      "config_addr": "module.vpc-host.var.routes",
      "status": "pass",
      "objects": [
        {
          "object_addr": "module.vpc-host[0].var.routes",
          "status": "pass"
        }
      ]
    },
    {
      "object_kind": "var",
      "config_addr": "module.vpc-host.var.policy_based_routes",
      "status": "unknown",
      "objects": [
        {
          "object_addr": "module.vpc-host[0].var.policy_based_routes",
          "status": "unknown"
        }
      ]
    },
    {
      "object_kind": "var",
      "config_addr": "module.simple-vm-example.var.boot_disk",
      "status": "pass",
      "objects": [
        {
          "object_addr": "module.simple-vm-example[\"vm1\"].var.boot_disk",
          "status": "pass"
        }
      ]
    },
    {
      "object_kind": "var",
      "config_addr": "module.simple-vm-example.var.attached_disk_defaults",
      "status": "pass",
      "objects": [
        {
          "object_addr": "module.simple-vm-example[\"vm1\"].var.attached_disk_defaults",
          "status": "pass"
        }
      ]
    },
    {
      "object_kind": "var",
      "config_addr": "module.simple-vm-example.var.instance_schedule",
      "status": "pass",
      "objects": [
        {
          "object_addr": "module.simple-vm-example[\"vm1\"].var.instance_schedule",
          "status": "pass"
        }
      ]
    },
    {
      "object_kind": "var",
      "config_addr": "module.vpc-host.var.routing_mode",
      "status": "pass",
      "objects": [
        {
          "object_addr": "module.vpc-host[0].var.routing_mode",
          "status": "pass"
        }
      ]
    },
    {
      "object_kind": "var",
      "config_addr": "module.simple-vm-example.var.snapshot_schedules",
      "status": "unknown",
      "objects": [
        {
          "object_addr": "module.simple-vm-example[\"vm1\"].var.snapshot_schedules",
          "status": "unknown"
        }
      ]
    },
    {
      "object_kind": "var",
      "config_addr": "module.vpc-host.var.firewall_policy_enforcement_order",
      "status": "pass",
      "objects": [
        {
          "object_addr": "module.vpc-host[0].var.firewall_policy_enforcement_order",
          "status": "pass"
        }
      ]
    },
    {
      "object_kind": "var",
      "config_addr": "module.vpc-host.var.psa_configs",
      "status": "pass",
      "objects": [
        {
          "object_addr": "module.vpc-host[0].var.psa_configs",
          "status": "pass"
        }
      ]
    }
  ]
}
